
Microsoft Visual Studio Solution File, Format Version 12.00
# Visual Studio Version 17
VisualStudioVersion = 17.14.37216.2
MinimumVisualStudioVersion = 10.0.40219.1
Project("{FAE04EC0-301F-11D3-BF4B-00C04F79EFBC}") = "WhoWant2B", "WhoWant2B.csproj", "{33F18B60-BE20-4416-968E-F1345B944ACE}"
EndProject
Project("{FAE04EC0-301F-11D3-BF4B-00C04F79EFBC}") = "WhoWant2B-Tests", "..\WhoWant2B-Tests\WhoWant2B-Tests.csproj", "{64D36E73-17F6-4BEB-94DD-B027A552AB42}"
EndProject
Global
	GlobalSection(SolutionConfigurationPlatforms) = preSolution
		Debug|Any CPU = Debug|Any CPU
		Release|Any CPU = Release|Any CPU
	EndGlobalSection
	GlobalSection(ProjectConfigurationPlatforms) = postSolution
		{33F18B60-BE20-4416-968E-F1345B944ACE}.Debug|Any CPU.ActiveCfg = Debug|Any CPU
		{33F18B60-BE20-4416-968E-F1345B944ACE}.Debug|Any CPU.Build.0 = Debug|Any CPU
		{33F18B60-BE20-4416-968E-F1345B944ACE}.Release|Any CPU.ActiveCfg = Release|Any CPU
		{33F18B60-BE20-4416-968E-F1345B944ACE}.Release|Any CPU.Build.0 = Release|Any CPU
		{64D36E73-17F6-4BEB-94DD-B027A552AB42}.Debug|Any CPU.ActiveCfg = Debug|Any CPU
		{64D36E73-17F6-4BEB-94DD-B027A552AB42}.Debug|Any CPU.Build.0 = Debug|Any CPU
		{64D36E73-17F6-4BEB-94DD-B027A552AB42}.Release|Any CPU.ActiveCfg = Release|Any CPU
		{64D36E73-17F6-4BEB-94DD-B027A552AB42}.Release|Any CPU.Build.0 = Release|Any CPU
	EndGlobalSection
	GlobalSection(SolutionProperties) = preSolution
		HideSolutionNode = FALSE
	EndGlobalSection
	GlobalSection(ExtensibilityGlobals) = postSolution
		SolutionGuid = {2968C9A1-EC3E-42AC-823F-16CEE28E4514}
	EndGlobalSection
EndGlobal
